PODS:
  - Capacitor (7.6.0):
    - CapacitorCordova
  - CapacitorApp (7.1.2):
    - Capacitor
  - CapacitorCamera (7.0.5):
    - Capacitor
  - CapacitorCordova (7.6.0)
  - CapacitorFilesystem (7.1.8):
    - Capacitor
    - IONFilesystemLib (~> 1.1.1)
  - CapacitorLocalNotifications (7.0.6):
    - Capacitor
  - CapacitorNativeSettings (7.0.2):
    - Capacitor
  - CapacitorPushNotifications (7.0.6):
    - Capacitor
  - CapacitorStatusBar (7.0.5):
    - Capacitor
  - CapacitorVoiceRecorder (7.0.6):
    - Capacitor
  - CordovaPlugins (7.6.0):
    - CapacitorCordova
  - IONFilesystemLib (1.1.2)

DEPENDENCIES:
  - "Capacitor (from `../../node_modules/@capacitor/ios`)"
  - "CapacitorApp (from `../../node_modules/@capacitor/app`)"
  - "CapacitorCamera (from `../../node_modules/@capacitor/camera`)"
  - "CapacitorCordova (from `../../node_modules/@capacitor/ios`)"
  - "CapacitorFilesystem (from `../../node_modules/@capacitor/filesystem`)"
  - "CapacitorLocalNotifications (from `../../node_modules/@capacitor/local-notifications`)"
  - CapacitorNativeSettings (from `../../node_modules/capacitor-native-settings`)
  - "CapacitorPushNotifications (from `../../node_modules/@capacitor/push-notifications`)"
  - "CapacitorStatusBar (from `../../node_modules/@capacitor/status-bar`)"
  - CapacitorVoiceRecorder (from `../../node_modules/capacitor-voice-recorder`)
  - CordovaPlugins (from `../capacitor-cordova-ios-plugins`)

SPEC REPOS:
  trunk:
    - IONFilesystemLib

EXTERNAL SOURCES:
  Capacitor:
    :path: "../../node_modules/@capacitor/ios"
  CapacitorApp:
    :path: "../../node_modules/@capacitor/app"
  CapacitorCamera:
    :path: "../../node_modules/@capacitor/camera"
  CapacitorCordova:
    :path: "../../node_modules/@capacitor/ios"
  CapacitorFilesystem:
    :path: "../../node_modules/@capacitor/filesystem"
  CapacitorLocalNotifications:
    :path: "../../node_modules/@capacitor/local-notifications"
  CapacitorNativeSettings:
    :path: "../../node_modules/capacitor-native-settings"
  CapacitorPushNotifications:
    :path: "../../node_modules/@capacitor/push-notifications"
  CapacitorStatusBar:
    :path: "../../node_modules/@capacitor/status-bar"
  CapacitorVoiceRecorder:
    :path: "../../node_modules/capacitor-voice-recorder"
  CordovaPlugins:
    :path: "../capacitor-cordova-ios-plugins"

SPEC CHECKSUMS:
  Capacitor: 9251cf0e689bfcc0f8ddc9bae2267108019d9de0
  CapacitorApp: 6b89831465d6bc99bc89779b1b7f5327e33011ce
  CapacitorCamera: fdbf24f93bc44ca13c4209866368a1972349d3d2
  CapacitorCordova: f163aa2e84b79efc54d6a75b305bc7e05fb80c5d
  CapacitorFilesystem: f54cd6b76be06fa7ceb219cf313d32e0d626ea87
  CapacitorLocalNotifications: ae0b5008877d68731d693156fe21d786d30a4feb
  CapacitorNativeSettings: f5511eb94cb5700ac4edf54f992d2c0dda1857d6
  CapacitorPushNotifications: c6158ba6f3777f281a675aa43e4011e9723e822b
  CapacitorStatusBar: b4bdcf487553983ffc68d81dfe1668bacb48252f
  CapacitorVoiceRecorder: b136a5989c9a306d57f0c9fc530be79a06ccf7b2
  CordovaPlugins: 58cdb3bbee07c76ed32617002c780aab36eb35c8
  IONFilesystemLib: 21a63377696b2d8fab5632ecfb7d2ac67bddb68a

PODFILE CHECKSUM: e9146dd82a1393f40c1934e46bb44b4c5f122312

COCOAPODS: 1.16.2
